schema: '2.0'
stages:
  data_cleaning:
    cmd: python src/data/data_cleaning.py
    deps:
    - path: data/raw/swiggy.csv
      hash: md5
      md5: 0b050b37dfe6cfbfaa18d7cb4e454377
      size: 7772212
    - path: src/data/data_cleaning.py
      hash: md5
      md5: f5ad421aafd57c91a1366fef5b226570
      size: 9519
    outs:
    - path: data/cleaned/swiggy_cleaned.csv
      hash: md5
      md5: 4918716e52fc57babdcd400dfb3c3f29
      size: 4508527
  data_preparation:
    cmd: python src/data/data_preparation.py
    deps:
    - path: data/cleaned/swiggy_cleaned.csv
      hash: md5
      md5: 4918716e52fc57babdcd400dfb3c3f29
      size: 4508527
    - path: src/data/data_preparation.py
      hash: md5
      md5: b97a07258b547e03768bab50f2f670ea
      size: 3007
    params:
      params.yaml:
        Data_Preparation.random_state: 45
        Data_Preparation.test_size: 0.25
    outs:
    - path: data/interim/test.csv
      hash: md5
      md5: df17b6c92a450194b2a96289fbd332ed
      size: 1125845
    - path: data/interim/train.csv
      hash: md5
      md5: 474999fd11456a3f6cdffb1fed01a46a
      size: 3379724
  data_preprocessing:
    cmd: python src/features/data_preprocessing.py
    deps:
    - path: data/interim/test.csv
      hash: md5
      md5: df17b6c92a450194b2a96289fbd332ed
      size: 1125845
    - path: data/interim/train.csv
      hash: md5
      md5: 474999fd11456a3f6cdffb1fed01a46a
      size: 3379724
    - path: src/features/data_preprocessing.py
      hash: md5
      md5: 8d229dcd0fdbfa8ededebe43835f4557
      size: 6949
    outs:
    - path: data/processed/test_trans.csv
      hash: md5
      md5: af55365e8e37521046590817eff83df5
      size: 1354392
    - path: data/processed/train_trans.csv
      hash: md5
      md5: 9bcb67993fdc95eb0a4762da75269a6e
      size: 4064341
    - path: models/preprocessor.joblib
      hash: md5
      md5: df136bc1fb001da5384ba26fab1ac034
      size: 8189
  train:
    cmd: python src/models/train.py
    deps:
    - path: data/processed/train_trans.csv
      hash: md5
      md5: 9bcb67993fdc95eb0a4762da75269a6e
      size: 4064341
    - path: src/models/train.py
      hash: md5
      md5: b7b69ed8e77672b21bfffc93336aa161
      size: 4910
    params:
      params.yaml:
        Train.LightGBM:
          n_estimators: 154
          max_depth: 27
          learning_rate: 0.22234435854395157
          subsample: 0.7592213724048168
          min_child_weight: 20
          min_split_gain: 0.004604680609280751
          reg_lambda: 97.81002379097947
          n_jobs: -1
        Train.Random_Forest:
          n_estimators: 479
          criterion: squared_error
          max_depth: 17
          max_features: 1
          min_samples_split: 9
          min_samples_leaf: 2
          max_samples: 0.6603673526197066
          verbose: 1
          n_jobs: -1
    outs:
    - path: models/model.joblib
      hash: md5
      md5: 056d0216f7d215d70c87327c09faa82c
      size: 149112072
    - path: models/power_transformer.joblib
      hash: md5
      md5: 287f553235042a033cc92f46716f02de
      size: 837
    - path: models/stacking_regressor.joblib
      hash: md5
      md5: 63ac5d40b088896f09a917ee9b3218d8
      size: 149100522
  evaluation:
    cmd: python src/models/evaluation.py
    deps:
    - path: data/processed/test_trans.csv
      hash: md5
      md5: af55365e8e37521046590817eff83df5
      size: 1354392
    - path: data/processed/train_trans.csv
      hash: md5
      md5: 9bcb67993fdc95eb0a4762da75269a6e
      size: 4064341
    - path: models/model.joblib
      hash: md5
      md5: 056d0216f7d215d70c87327c09faa82c
      size: 149112072
    - path: src/models/evaluation.py
      hash: md5
      md5: a1aaa82ef11ef097629f639d77ca5dcf
      size: 6039
    outs:
    - path: run_information.json
      hash: md5
      md5: 034b488de9b8f6dbb54587193b3289dd
      size: 220
  register_model:
    cmd: python src/models/register_model.py
    deps:
    - path: run_information.json
      hash: md5
      md5: 034b488de9b8f6dbb54587193b3289dd
      size: 220
    - path: src/models/register_model.py
      hash: md5
      md5: ba4afd42a19bbd93e7fc2c7c0884c085
      size: 2180
