schema: '2.0'
stages:
  data_cleaning:
    cmd: python src/data/data_cleaning.py
    deps:
    - path: data/raw/swiggy.csv
      hash: md5
      md5: 0b050b37dfe6cfbfaa18d7cb4e454377
      size: 7772212
    - path: src/data/data_cleaning.py
      hash: md5
      md5: f5ad421aafd57c91a1366fef5b226570
      size: 9519
    outs:
    - path: data/cleaned/swiggy_cleaned.csv
      hash: md5
      md5: 4918716e52fc57babdcd400dfb3c3f29
      size: 4508527
  data_preparation:
    cmd: python src/data/data_preparation.py
    deps:
    - path: data/cleaned/swiggy_cleaned.csv
      hash: md5
      md5: 4918716e52fc57babdcd400dfb3c3f29
      size: 4508527
    - path: src/data/data_preparation.py
      hash: md5
      md5: b97a07258b547e03768bab50f2f670ea
      size: 3007
    params:
      params.yaml:
        Data_Preparation.random_state: 49
        Data_Preparation.test_size: 0.2
    outs:
    - path: data/interim/test.csv
      hash: md5
      md5: 324fe425d8506f7c0c95b9bb90671c67
      size: 900577
    - path: data/interim/train.csv
      hash: md5
      md5: e5067398299eb8e4a702f60f56d3f8d4
      size: 3604992
  data_preprocessing:
    cmd: python src/features/data_preprocessing.py
    deps:
    - path: data/interim/test.csv
      hash: md5
      md5: 324fe425d8506f7c0c95b9bb90671c67
      size: 900577
    - path: data/interim/train.csv
      hash: md5
      md5: e5067398299eb8e4a702f60f56d3f8d4
      size: 3604992
    - path: src/features/data_preprocessing.py
      hash: md5
      md5: 8d229dcd0fdbfa8ededebe43835f4557
      size: 6949
    outs:
    - path: data/processed/test_trans.csv
      hash: md5
      md5: 5e216b9af95d4a1b5962e5c81dbf00e1
      size: 1078441
    - path: data/processed/train_trans.csv
      hash: md5
      md5: 56e233933f68831c31beec49a1ba137c
      size: 4340292
    - path: models/preprocessor.joblib
      hash: md5
      md5: efc6cf06eb75ad3a45c662d269b823d7
      size: 8189
  train:
    cmd: python src/models/train.py
    deps:
    - path: data/processed/train_trans.csv
      hash: md5
      md5: 56e233933f68831c31beec49a1ba137c
      size: 4340292
    - path: src/models/train.py
      hash: md5
      md5: b7b69ed8e77672b21bfffc93336aa161
      size: 4910
    params:
      params.yaml:
        Train.LightGBM:
          n_estimators: 154
          max_depth: 27
          learning_rate: 0.22234435854395157
          subsample: 0.7592213724048168
          min_child_weight: 20
          min_split_gain: 0.004604680609280751
          reg_lambda: 97.81002379097947
          n_jobs: -1
        Train.Random_Forest:
          n_estimators: 479
          criterion: squared_error
          max_depth: 17
          max_features: 1
          min_samples_split: 9
          min_samples_leaf: 2
          max_samples: 0.6603673526197066
          verbose: 1
          n_jobs: -1
    outs:
    - path: models/model.joblib
      hash: md5
      md5: 66703011d6698f164924f90ce7e21e1c
      size: 158289064
    - path: models/power_transformer.joblib
      hash: md5
      md5: 6bc25f4fe54e622393c1512a90ab0655
      size: 837
    - path: models/stacking_regressor.joblib
      hash: md5
      md5: 889d012cdb12cbc14442a7c494949c73
      size: 158277530
  evaluation:
    cmd: python src/models/evaluation.py
    deps:
    - path: data/processed/test_trans.csv
      hash: md5
      md5: 5e216b9af95d4a1b5962e5c81dbf00e1
      size: 1078441
    - path: data/processed/train_trans.csv
      hash: md5
      md5: 56e233933f68831c31beec49a1ba137c
      size: 4340292
    - path: models/model.joblib
      hash: md5
      md5: 66703011d6698f164924f90ce7e21e1c
      size: 158289064
    - path: src/models/evaluation.py
      hash: md5
      md5: a1aaa82ef11ef097629f639d77ca5dcf
      size: 6039
    outs:
    - path: run_information.json
      hash: md5
      md5: f025fbbd25cbacb25c947f06140260ca
      size: 220
  register_model:
    cmd: python src/models/register_model.py
    deps:
    - path: run_information.json
      hash: md5
      md5: f025fbbd25cbacb25c947f06140260ca
      size: 220
    - path: src/models/register_model.py
      hash: md5
      md5: ba4afd42a19bbd93e7fc2c7c0884c085
      size: 2180
