schema: '2.0'
stages:
  data_cleaning:
    cmd: python src/data/data_cleaning.py
    deps:
    - path: data/raw/swiggy.csv
      hash: md5
      md5: 0b050b37dfe6cfbfaa18d7cb4e454377
      size: 7772212
    - path: src/data/data_cleaning.py
      hash: md5
      md5: f5ad421aafd57c91a1366fef5b226570
      size: 9519
    outs:
    - path: data/cleaned/swiggy_cleaned.csv
      hash: md5
      md5: 4918716e52fc57babdcd400dfb3c3f29
      size: 4508527
  data_preparation:
    cmd: python src/data/data_preparation.py
    deps:
    - path: data/cleaned/swiggy_cleaned.csv
      hash: md5
      md5: 4918716e52fc57babdcd400dfb3c3f29
      size: 4508527
    - path: src/data/data_preparation.py
      hash: md5
      md5: b97a07258b547e03768bab50f2f670ea
      size: 3007
    params:
      params.yaml:
        Data_Preparation.random_state: 45
        Data_Preparation.test_size: 0.2
    outs:
    - path: data/interim/test.csv
      hash: md5
      md5: becd29009dffc7817ef3e460b29fb52a
      size: 901022
    - path: data/interim/train.csv
      hash: md5
      md5: c1c684a233959735427bd157828ed9ac
      size: 3604547
  data_preprocessing:
    cmd: python src/features/data_preprocessing.py
    deps:
    - path: data/interim/test.csv
      hash: md5
      md5: becd29009dffc7817ef3e460b29fb52a
      size: 901022
    - path: data/interim/train.csv
      hash: md5
      md5: c1c684a233959735427bd157828ed9ac
      size: 3604547
    - path: src/features/data_preprocessing.py
      hash: md5
      md5: 8d229dcd0fdbfa8ededebe43835f4557
      size: 6949
    outs:
    - path: data/processed/test_trans.csv
      hash: md5
      md5: 3fb6cf4c8f6abcdff8e7c6af3886c210
      size: 1086434
    - path: data/processed/train_trans.csv
      hash: md5
      md5: c0c42e8aa7fa9577e7fb6ced014f0753
      size: 4332299
    - path: models/preprocessor.joblib
      hash: md5
      md5: c7d2d8891257d5c33462f94b8905efce
      size: 8189
  train:
    cmd: python src/models/train.py
    deps:
    - path: data/processed/train_trans.csv
      hash: md5
      md5: c0c42e8aa7fa9577e7fb6ced014f0753
      size: 4332299
    - path: src/models/train.py
      hash: md5
      md5: b7b69ed8e77672b21bfffc93336aa161
      size: 4910
    params:
      params.yaml:
        Train.LightGBM:
          n_estimators: 154
          max_depth: 27
          learning_rate: 0.22234435854395157
          subsample: 0.7592213724048168
          min_child_weight: 20
          min_split_gain: 0.004604680609280751
          reg_lambda: 97.81002379097947
          n_jobs: -1
        Train.Random_Forest:
          n_estimators: 479
          criterion: squared_error
          max_depth: 17
          max_features: 1
          min_samples_split: 9
          min_samples_leaf: 2
          max_samples: 0.6603673526197066
          verbose: 1
          n_jobs: -1
    outs:
    - path: models/model.joblib
      hash: md5
      md5: b620205e96cc4d2990a7baebcac6e7d6
      size: 158039608
    - path: models/power_transformer.joblib
      hash: md5
      md5: 69b9e0f23cf10eb6cae41340207d94a8
      size: 837
    - path: models/stacking_regressor.joblib
      hash: md5
      md5: e087e77c0c23d455b7ccba25f5d4bb40
      size: 158028074
  evaluation:
    cmd: python src/models/evaluation.py
    deps:
    - path: data/processed/test_trans.csv
      hash: md5
      md5: 3fb6cf4c8f6abcdff8e7c6af3886c210
      size: 1086434
    - path: data/processed/train_trans.csv
      hash: md5
      md5: c0c42e8aa7fa9577e7fb6ced014f0753
      size: 4332299
    - path: models/model.joblib
      hash: md5
      md5: b620205e96cc4d2990a7baebcac6e7d6
      size: 158039608
    - path: src/models/evaluation.py
      hash: md5
      md5: a1aaa82ef11ef097629f639d77ca5dcf
      size: 6039
    outs:
    - path: run_information.json
      hash: md5
      md5: 6c219323b6432b104813eee82e76d03c
      size: 220
  register_model:
    cmd: python src/models/register_model.py
    deps:
    - path: run_information.json
      hash: md5
      md5: 6c219323b6432b104813eee82e76d03c
      size: 220
    - path: src/models/register_model.py
      hash: md5
      md5: ba4afd42a19bbd93e7fc2c7c0884c085
      size: 2180
